
Microsoft Visual Studio Solution File, Format Version 12.00
# Visual Studio 15
VisualStudioVersion = 15.0.27004.2002
MinimumVisualStudioVersion = 10.0.40219.1
Project("{9A19103F-16F7-4668-BE54-9A1E7A4F7556}") = "EndlessAdventure.Common", "EndlessAdventure.Common\EndlessAdventure.Common.csproj", "{18C6BB11-7936-4857-92CD-11564F01EA4C}"
EndProject
Project("{9A19103F-16F7-4668-BE54-9A1E7A4F7556}") = "EndlessAdventure.Tests", "EndlessAdventure.Tests\EndlessAdventure.Tests.csproj", "{301B95BE-7A08-440A-8496-549E1BA9D8AE}"
EndProject
Global
	GlobalSection(SolutionConfigurationPlatforms) = preSolution
		Debug|Any CPU = Debug|Any CPU
		Release|Any CPU = Release|Any CPU
	EndGlobalSection
	GlobalSection(ProjectConfigurationPlatforms) = postSolution
		{18C6BB11-7936-4857-92CD-11564F01EA4C}.Debug|Any CPU.ActiveCfg = Debug|Any CPU
		{18C6BB11-7936-4857-92CD-11564F01EA4C}.Debug|Any CPU.Build.0 = Debug|Any CPU
		{18C6BB11-7936-4857-92CD-11564F01EA4C}.Release|Any CPU.ActiveCfg = Release|Any CPU
		{18C6BB11-7936-4857-92CD-11564F01EA4C}.Release|Any CPU.Build.0 = Release|Any CPU
		{301B95BE-7A08-440A-8496-549E1BA9D8AE}.Debug|Any CPU.ActiveCfg = Debug|Any CPU
		{301B95BE-7A08-440A-8496-549E1BA9D8AE}.Debug|Any CPU.Build.0 = Debug|Any CPU
		{301B95BE-7A08-440A-8496-549E1BA9D8AE}.Release|Any CPU.ActiveCfg = Release|Any CPU
		{301B95BE-7A08-440A-8496-549E1BA9D8AE}.Release|Any CPU.Build.0 = Release|Any CPU
	EndGlobalSection
	GlobalSection(SolutionProperties) = preSolution
		HideSolutionNode = FALSE
	EndGlobalSection
	GlobalSection(ExtensibilityGlobals) = postSolution
		SolutionGuid = {BEFBD7D8-52B3-4E95-8E5E-00E31E204816}
	EndGlobalSection
EndGlobal
